
Microsoft Visual Studio Solution File, Format Version 12.00
# Visual Studio Version 17
VisualStudioVersion = 17.4.33213.308
MinimumVisualStudioVersion = 10.0.40219.1
Project("{9A19103F-16F7-4668-BE54-9A1E7A4F7556}") = "CursoCSharpCoder", "CursoCSharpCoder\CursoCSharpCoder.csproj", "{96785FCC-FCDB-42A0-B970-3643C90F28F6}"
EndProject
Project("{FAE04EC0-301F-11D3-BF4B-00C04F79EFBC}") = "Encapsulamento", "Encapsulamento\Encapsulamento.csproj", "{7722FBEC-F434-4ECD-89B9-DEA0A1120C4D}"
EndProject
Global
	GlobalSection(SolutionConfigurationPlatforms) = preSolution
		Debug|Any CPU = Debug|Any CPU
		Release|Any CPU = Release|Any CPU
	EndGlobalSection
	GlobalSection(ProjectConfigurationPlatforms) = postSolution
		{96785FCC-FCDB-42A0-B970-3643C90F28F6}.Debug|Any CPU.ActiveCfg = Debug|Any CPU
		{96785FCC-FCDB-42A0-B970-3643C90F28F6}.Debug|Any CPU.Build.0 = Debug|Any CPU
		{96785FCC-FCDB-42A0-B970-3643C90F28F6}.Release|Any CPU.ActiveCfg = Release|Any CPU
		{96785FCC-FCDB-42A0-B970-3643C90F28F6}.Release|Any CPU.Build.0 = Release|Any CPU
		{7722FBEC-F434-4ECD-89B9-DEA0A1120C4D}.Debug|Any CPU.ActiveCfg = Debug|Any CPU
		{7722FBEC-F434-4ECD-89B9-DEA0A1120C4D}.Debug|Any CPU.Build.0 = Debug|Any CPU
		{7722FBEC-F434-4ECD-89B9-DEA0A1120C4D}.Release|Any CPU.ActiveCfg = Release|Any CPU
		{7722FBEC-F434-4ECD-89B9-DEA0A1120C4D}.Release|Any CPU.Build.0 = Release|Any CPU
	EndGlobalSection
	GlobalSection(SolutionProperties) = preSolution
		HideSolutionNode = FALSE
	EndGlobalSection
	GlobalSection(ExtensibilityGlobals) = postSolution
		SolutionGuid = {EE849E29-4436-482B-9CE5-E3EB6EEC9A83}
	EndGlobalSection
EndGlobal
